// !$*UTF8*$!
{
	archiveVersion = 1;
	classes = {
	};
	objectVersion = 48;
	objects = {

/* Begin PBXBuildFile section */
		0D5C5E19203EC8B0008A8979 /* FocusSheetTableCellView.swift in Sources */ = {isa = PBXBuildFile; fileRef = 0D5C5E18203EC8B0008A8979 /* FocusSheetTableCellView.swift */; };
		0D957026203F8DFF00D7BF86 /* FocusSheetTableRowView.swift in Sources */ = {isa = PBXBuildFile; fileRef = 0D957025203F8DFF00D7BF86 /* FocusSheetTableRowView.swift */; };
		0D957028203FB6CF00D7BF86 /* LabelColorView.swift in Sources */ = {isa = PBXBuildFile; fileRef = 0D957027203FB6CF00D7BF86 /* LabelColorView.swift */; };
		0D95702A203FD96200D7BF86 /* Constants.swift in Sources */ = {isa = PBXBuildFile; fileRef = 0D957029203FD96200D7BF86 /* Constants.swift */; };
		A8267B842018649C00D9EA87 /* TodoListItem.swift in Sources */ = {isa = PBXBuildFile; fileRef = A8267B832018649C00D9EA87 /* TodoListItem.swift */; };
		A83F00F11FD4E2E2005A213B /* AppDelegate.swift in Sources */ = {isa = PBXBuildFile; fileRef = A83F00F01FD4E2E2005A213B /* AppDelegate.swift */; };
		A83F00F31FD4E2E2005A213B /* ViewController.swift in Sources */ = {isa = PBXBuildFile; fileRef = A83F00F21FD4E2E2005A213B /* ViewController.swift */; };
		A83F00F51FD4E2E2005A213B /* Assets.xcassets in Resources */ = {isa = PBXBuildFile; fileRef = A83F00F41FD4E2E2005A213B /* Assets.xcassets */; };
		A83F00F81FD4E2E2005A213B /* Main.storyboard in Resources */ = {isa = PBXBuildFile; fileRef = A83F00F61FD4E2E2005A213B /* Main.storyboard */; };
		A83F01041FD4E2E2005A213B /* FocusTests.swift in Sources */ = {isa = PBXBuildFile; fileRef = A83F01031FD4E2E2005A213B /* FocusTests.swift */; };
		A83F010F1FD4E2E2005A213B /* FocusUITests.swift in Sources */ = {isa = PBXBuildFile; fileRef = A83F010E1FD4E2E2005A213B /* FocusUITests.swift */; };
/* End PBXBuildFile section */

/* Begin PBXContainerItemProxy section */
		A83F01001FD4E2E2005A213B /* PBXContainerItemProxy */ = {
			isa = PBXContainerItemProxy;
			containerPortal = A83F00E51FD4E2E1005A213B /* Project object */;
			proxyType = 1;
			remoteGlobalIDString = A83F00EC1FD4E2E2005A213B;
			remoteInfo = Focus;
		};
		A83F010B1FD4E2E2005A213B /* PBXContainerItemProxy */ = {
			isa = PBXContainerItemProxy;
			containerPortal = A83F00E51FD4E2E1005A213B /* Project object */;
			proxyType = 1;
			remoteGlobalIDString = A83F00EC1FD4E2E2005A213B;
			remoteInfo = Focus;
		};
/* End PBXContainerItemProxy section */

/* Begin PBXFileReference section */
		0D5C5E18203EC8B0008A8979 /* FocusSheetTableCellView.swift */ = {isa = PBXFileReference; lastKnownFileType = sourcecode.swift; path = FocusSheetTableCellView.swift; sourceTree = "<group>"; };
		0D957025203F8DFF00D7BF86 /* FocusSheetTableRowView.swift */ = {isa = PBXFileReference; lastKnownFileType = sourcecode.swift; path = FocusSheetTableRowView.swift; sourceTree = "<group>"; };
		0D957027203FB6CF00D7BF86 /* LabelColorView.swift */ = {isa = PBXFileReference; lastKnownFileType = sourcecode.swift; path = LabelColorView.swift; sourceTree = "<group>"; };
		0D957029203FD96200D7BF86 /* Constants.swift */ = {isa = PBXFileReference; lastKnownFileType = sourcecode.swift; path = Constants.swift; sourceTree = "<group>"; };
		A8267B832018649C00D9EA87 /* TodoListItem.swift */ = {isa = PBXFileReference; lastKnownFileType = sourcecode.swift; path = TodoListItem.swift; sourceTree = "<group>"; };
		A83F00ED1FD4E2E2005A213B /* Focus.app */ = {isa = PBXFileReference; explicitFileType = wrapper.application; includeInIndex = 0; path = Focus.app; sourceTree = BUILT_PRODUCTS_DIR; };
		A83F00F01FD4E2E2005A213B /* AppDelegate.swift */ = {isa = PBXFileReference; lastKnownFileType = sourcecode.swift; path = AppDelegate.swift; sourceTree = "<group>"; };
		A83F00F21FD4E2E2005A213B /* ViewController.swift */ = {isa = PBXFileReference; lastKnownFileType = sourcecode.swift; path = ViewController.swift; sourceTree = "<group>"; };
		A83F00F41FD4E2E2005A213B /* Assets.xcassets */ = {isa = PBXFileReference; lastKnownFileType = folder.assetcatalog; path = Assets.xcassets; sourceTree = "<group>"; };
		A83F00F71FD4E2E2005A213B /* Base */ = {isa = PBXFileReference; lastKnownFileType = file.storyboard; name = Base; path = Base.lproj/Main.storyboard; sourceTree = "<group>"; };
		A83F00F91FD4E2E2005A213B /* Info.plist */ = {isa = PBXFileReference; lastKnownFileType = text.plist.xml; path = Info.plist; sourceTree = "<group>"; };
		A83F00FA1FD4E2E2005A213B /* Focus.entitlements */ = {isa = PBXFileReference; lastKnownFileType = text.plist.entitlements; path = Focus.entitlements; sourceTree = "<group>"; };
		A83F00FF1FD4E2E2005A213B /* FocusTests.xctest */ = {isa = PBXFileReference; explicitFileType = wrapper.cfbundle; includeInIndex = 0; path = FocusTests.xctest; sourceTree = BUILT_PRODUCTS_DIR; };
		A83F01031FD4E2E2005A213B /* FocusTests.swift */ = {isa = PBXFileReference; lastKnownFileType = sourcecode.swift; path = FocusTests.swift; sourceTree = "<group>"; };
		A83F01051FD4E2E2005A213B /* Info.plist */ = {isa = PBXFileReference; lastKnownFileType = text.plist.xml; path = Info.plist; sourceTree = "<group>"; };
		A83F010A1FD4E2E2005A213B /* FocusUITests.xctest */ = {isa = PBXFileReference; explicitFileType = wrapper.cfbundle; includeInIndex = 0; path = FocusUITests.xctest; sourceTree = BUILT_PRODUCTS_DIR; };
		A83F010E1FD4E2E2005A213B /* FocusUITests.swift */ = {isa = PBXFileReference; lastKnownFileType = sourcecode.swift; path = FocusUITests.swift; sourceTree = "<group>"; };
		A83F01101FD4E2E2005A213B /* Info.plist */ = {isa = PBXFileReference; lastKnownFileType = text.plist.xml; path = Info.plist; sourceTree = "<group>"; };
/* End PBXFileReference section */

/* Begin PBXFrameworksBuildPhase section */
		A83F00EA1FD4E2E2005A213B /* Frameworks */ = {
			isa = PBXFrameworksBuildPhase;
			buildActionMask = 2147483647;
			files = (
			);
			runOnlyForDeploymentPostprocessing = 0;
		};
		A83F00FC1FD4E2E2005A213B /* Frameworks */ = {
			isa = PBXFrameworksBuildPhase;
			buildActionMask = 2147483647;
			files = (
			);
			runOnlyForDeploymentPostprocessing = 0;
		};
		A83F01071FD4E2E2005A213B /* Frameworks */ = {
			isa = PBXFrameworksBuildPhase;
			buildActionMask = 2147483647;
			files = (
			);
			runOnlyForDeploymentPostprocessing = 0;
		};
/* End PBXFrameworksBuildPhase section */

/* Begin PBXGroup section */
		A83F00E41FD4E2E1005A213B = {
			isa = PBXGroup;
			children = (
				A83F00EF1FD4E2E2005A213B /* Focus */,
				A83F01021FD4E2E2005A213B /* FocusTests */,
				A83F010D1FD4E2E2005A213B /* FocusUITests */,
				A83F00EE1FD4E2E2005A213B /* Products */,
			);
			sourceTree = "<group>";
		};
		A83F00EE1FD4E2E2005A213B /* Products */ = {
			isa = PBXGroup;
			children = (
				A83F00ED1FD4E2E2005A213B /* Focus.app */,
				A83F00FF1FD4E2E2005A213B /* FocusTests.xctest */,
				A83F010A1FD4E2E2005A213B /* FocusUITests.xctest */,
			);
			name = Products;
			sourceTree = "<group>";
		};
		A83F00EF1FD4E2E2005A213B /* Focus */ = {
			isa = PBXGroup;
			children = (
				A83F00F01FD4E2E2005A213B /* AppDelegate.swift */,
				A83F00F21FD4E2E2005A213B /* ViewController.swift */,
				0D5C5E18203EC8B0008A8979 /* FocusSheetTableCellView.swift */,
				0D957025203F8DFF00D7BF86 /* FocusSheetTableRowView.swift */,
				0D957029203FD96200D7BF86 /* Constants.swift */,
				0D957027203FB6CF00D7BF86 /* LabelColorView.swift */,
				A8267B832018649C00D9EA87 /* TodoListItem.swift */,
				A83F00F41FD4E2E2005A213B /* Assets.xcassets */,
				A83F00F61FD4E2E2005A213B /* Main.storyboard */,
				A83F00F91FD4E2E2005A213B /* Info.plist */,
				A83F00FA1FD4E2E2005A213B /* Focus.entitlements */,
			);
			path = Focus;
			sourceTree = "<group>";
		};
		A83F01021FD4E2E2005A213B /* FocusTests */ = {
			isa = PBXGroup;
			children = (
				A83F01031FD4E2E2005A213B /* FocusTests.swift */,
				A83F01051FD4E2E2005A213B /* Info.plist */,
			);
			path = FocusTests;
			sourceTree = "<group>";
		};
		A83F010D1FD4E2E2005A213B /* FocusUITests */ = {
			isa = PBXGroup;
			children = (
				A83F010E1FD4E2E2005A213B /* FocusUITests.swift */,
				A83F01101FD4E2E2005A213B /* Info.plist */,
			);
			path = FocusUITests;
			sourceTree = "<group>";
		};
/* End PBXGroup section */

/* Begin PBXNativeTarget section */
		A83F00EC1FD4E2E2005A213B /* Focus */ = {
			isa = PBXNativeTarget;
			buildConfigurationList = A83F01131FD4E2E2005A213B /* Build configuration list for PBXNativeTarget "Focus" */;
			buildPhases = (
				A83F00E91FD4E2E2005A213B /* Sources */,
				A83F00EA1FD4E2E2005A213B /* Frameworks */,
				A83F00EB1FD4E2E2005A213B /* Resources */,
			);
			buildRules = (
			);
			dependencies = (
			);
			name = Focus;
			productName = Focus;
			productReference = A83F00ED1FD4E2E2005A213B /* Focus.app */;
			productType = "com.apple.product-type.application";
		};
		A83F00FE1FD4E2E2005A213B /* FocusTests */ = {
			isa = PBXNativeTarget;
			buildConfigurationList = A83F01161FD4E2E2005A213B /* Build configuration list for PBXNativeTarget "FocusTests" */;
			buildPhases = (
				A83F00FB1FD4E2E2005A213B /* Sources */,
				A83F00FC1FD4E2E2005A213B /* Frameworks */,
				A83F00FD1FD4E2E2005A213B /* Resources */,
			);
			buildRules = (
			);
			dependencies = (
				A83F01011FD4E2E2005A213B /* PBXTargetDependency */,
			);
			name = FocusTests;
			productName = FocusTests;
			productReference = A83F00FF1FD4E2E2005A213B /* FocusTests.xctest */;
			productType = "com.apple.product-type.bundle.unit-test";
		};
		A83F01091FD4E2E2005A213B /* FocusUITests */ = {
			isa = PBXNativeTarget;
			buildConfigurationList = A83F01191FD4E2E2005A213B /* Build configuration list for PBXNativeTarget "FocusUITests" */;
			buildPhases = (
				A83F01061FD4E2E2005A213B /* Sources */,
				A83F01071FD4E2E2005A213B /* Frameworks */,
				A83F01081FD4E2E2005A213B /* Resources */,
			);
			buildRules = (
			);
			dependencies = (
				A83F010C1FD4E2E2005A213B /* PBXTargetDependency */,
			);
			name = FocusUITests;
			productName = FocusUITests;
			productReference = A83F010A1FD4E2E2005A213B /* FocusUITests.xctest */;
			productType = "com.apple.product-type.bundle.ui-testing";
		};
/* End PBXNativeTarget section */

/* Begin PBXProject section */
		A83F00E51FD4E2E1005A213B /* Project object */ = {
			isa = PBXProject;
			attributes = {
				LastSwiftUpdateCheck = 0910;
				LastUpgradeCheck = 0910;
				ORGANIZATIONNAME = "Gleb Sabirzyanov";
				TargetAttributes = {
					A83F00EC1FD4E2E2005A213B = {
						CreatedOnToolsVersion = 9.1;
						ProvisioningStyle = Automatic;
					};
					A83F00FE1FD4E2E2005A213B = {
						CreatedOnToolsVersion = 9.1;
						ProvisioningStyle = Automatic;
						TestTargetID = A83F00EC1FD4E2E2005A213B;
					};
					A83F01091FD4E2E2005A213B = {
						CreatedOnToolsVersion = 9.1;
						ProvisioningStyle = Automatic;
						TestTargetID = A83F00EC1FD4E2E2005A213B;
					};
				};
			};
			buildConfigurationList = A83F00E81FD4E2E1005A213B /* Build configuration list for PBXProject "Focus" */;
			compatibilityVersion = "Xcode 8.0";
			developmentRegion = en;
			hasScannedForEncodings = 0;
			knownRegions = (
				en,
				Base,
			);
			mainGroup = A83F00E41FD4E2E1005A213B;
			productRefGroup = A83F00EE1FD4E2E2005A213B /* Products */;
			projectDirPath = "";
			projectRoot = "";
			targets = (
				A83F00EC1FD4E2E2005A213B /* Focus */,
				A83F00FE1FD4E2E2005A213B /* FocusTests */,
				A83F01091FD4E2E2005A213B /* FocusUITests */,
			);
		};
/* End PBXProject section */

/* Begin PBXResourcesBuildPhase section */
		A83F00EB1FD4E2E2005A213B /* Resources */ = {
			isa = PBXResourcesBuildPhase;
			buildActionMask = 2147483647;
			files = (
				A83F00F51FD4E2E2005A213B /* Assets.xcassets in Resources */,
				A83F00F81FD4E2E2005A213B /* Main.storyboard in Resources */,
			);
			runOnlyForDeploymentPostprocessing = 0;
		};
		A83F00FD1FD4E2E2005A213B /* Resources */ = {
			isa = PBXResourcesBuildPhase;
			buildActionMask = 2147483647;
			files = (
			);
			runOnlyForDeploymentPostprocessing = 0;
		};
		A83F01081FD4E2E2005A213B /* Resources */ = {
			isa = PBXResourcesBuildPhase;
			buildActionMask = 2147483647;
			files = (
			);
			runOnlyForDeploymentPostprocessing = 0;
		};
/* End PBXResourcesBuildPhase section */

/* Begin PBXSourcesBuildPhase section */
		A83F00E91FD4E2E2005A213B /* Sources */ = {
			isa = PBXSourcesBuildPhase;
			buildActionMask = 2147483647;
			files = (
				0D5C5E19203EC8B0008A8979 /* FocusSheetTableCellView.swift in Sources */,
				0D957028203FB6CF00D7BF86 /* LabelColorView.swift in Sources */,
				A8267B842018649C00D9EA87 /* TodoListItem.swift in Sources */,
				A83F00F31FD4E2E2005A213B /* ViewController.swift in Sources */,
				0D95702A203FD96200D7BF86 /* Constants.swift in Sources */,
				A83F00F11FD4E2E2005A213B /* AppDelegate.swift in Sources */,
				0D957026203F8DFF00D7BF86 /* FocusSheetTableRowView.swift in Sources */,
			);
			runOnlyForDeploymentPostprocessing = 0;
		};
		A83F00FB1FD4E2E2005A213B /* Sources */ = {
			isa = PBXSourcesBuildPhase;
			buildActionMask = 2147483647;
			files = (
				A83F01041FD4E2E2005A213B /* FocusTests.swift in Sources */,
			);
			runOnlyForDeploymentPostprocessing = 0;
		};
		A83F01061FD4E2E2005A213B /* Sources */ = {
			isa = PBXSourcesBuildPhase;
			buildActionMask = 2147483647;
			files = (
				A83F010F1FD4E2E2005A213B /* FocusUITests.swift in Sources */,
			);
			runOnlyForDeploymentPostprocessing = 0;
		};
/* End PBXSourcesBuildPhase section */

/* Begin PBXTargetDependency section */
		A83F01011FD4E2E2005A213B /* PBXTargetDependency */ = {
			isa = PBXTargetDependency;
			target = A83F00EC1FD4E2E2005A213B /* Focus */;
			targetProxy = A83F01001FD4E2E2005A213B /* PBXContainerItemProxy */;
		};
		A83F010C1FD4E2E2005A213B /* PBXTargetDependency */ = {
			isa = PBXTargetDependency;
			target = A83F00EC1FD4E2E2005A213B /* Focus */;
			targetProxy = A83F010B1FD4E2E2005A213B /* PBXContainerItemProxy */;
		};
/* End PBXTargetDependency section */

/* Begin PBXVariantGroup section */
		A83F00F61FD4E2E2005A213B /* Main.storyboard */ = {
			isa = PBXVariantGroup;
			children = (
				A83F00F71FD4E2E2005A213B /* Base */,
			);
			name = Main.storyboard;
			sourceTree = "<group>";
		};
/* End PBXVariantGroup section */

/* Begin XCBuildConfiguration section */
		A83F01111FD4E2E2005A213B /* Debug */ = {
			isa = XCBuildConfiguration;
			buildSettings = {
				ALWAYS_SEARCH_USER_PATHS = NO;
				CLANG_ANALYZER_NONNULL = YES;
				CLANG_ANALYZER_NUMBER_OBJECT_CONVERSION = YES_AGGRESSIVE;
				CLANG_CXX_LANGUAGE_STANDARD = "gnu++14";
				CLANG_CXX_LIBRARY = "libc++";
				CLANG_ENABLE_MODULES = YES;
				CLANG_ENABLE_OBJC_ARC = YES;
				CLANG_WARN_BLOCK_CAPTURE_AUTORELEASING = YES;
				CLANG_WARN_BOOL_CONVERSION = YES;
				CLANG_WARN_COMMA = YES;
				CLANG_WARN_CONSTANT_CONVERSION = YES;
				CLANG_WARN_DIRECT_OBJC_ISA_USAGE = YES_ERROR;
				CLANG_WARN_DOCUMENTATION_COMMENTS = YES;
				CLANG_WARN_EMPTY_BODY = YES;
				CLANG_WARN_ENUM_CONVERSION = YES;
				CLANG_WARN_INFINITE_RECURSION = YES;
				CLANG_WARN_INT_CONVERSION = YES;
				CLANG_WARN_NON_LITERAL_NULL_CONVERSION = YES;
				CLANG_WARN_OBJC_LITERAL_CONVERSION = YES;
				CLANG_WARN_OBJC_ROOT_CLASS = YES_ERROR;
				CLANG_WARN_RANGE_LOOP_ANALYSIS = YES;
				CLANG_WARN_STRICT_PROTOTYPES = YES;
				CLANG_WARN_SUSPICIOUS_MOVE = YES;
				CLANG_WARN_UNGUARDED_AVAILABILITY = YES_AGGRESSIVE;
				CLANG_WARN_UNREACHABLE_CODE = YES;
				CLANG_WARN__DUPLICATE_METHOD_MATCH = YES;
				CODE_SIGN_IDENTITY = "-";
				COPY_PHASE_STRIP = NO;
				DEBUG_INFORMATION_FORMAT = dwarf;
				ENABLE_STRICT_OBJC_MSGSEND = YES;
				ENABLE_TESTABILITY = YES;
				GCC_C_LANGUAGE_STANDARD = gnu11;
				GCC_DYNAMIC_NO_PIC = NO;
				GCC_NO_COMMON_BLOCKS = YES;
				GCC_OPTIMIZATION_LEVEL = 0;
				GCC_PREPROCESSOR_DEFINITIONS = (
					"DEBUG=1",
					"$(inherited)",
				);
				GCC_WARN_64_TO_32_BIT_CONVERSION = YES;
				GCC_WARN_ABOUT_RETURN_TYPE = YES_ERROR;
				GCC_WARN_UNDECLARED_SELECTOR = YES;
				GCC_WARN_UNINITIALIZED_AUTOS = YES_AGGRESSIVE;
				GCC_WARN_UNUSED_FUNCTION = YES;
				GCC_WARN_UNUSED_VARIABLE = YES;
				MACOSX_DEPLOYMENT_TARGET = 10.13;
				MTL_ENABLE_DEBUG_INFO = YES;
				ONLY_ACTIVE_ARCH = YES;
				SDKROOT = macosx;
				SWIFT_ACTIVE_COMPILATION_CONDITIONS = DEBUG;
				SWIFT_OPTIMIZATION_LEVEL = "-Onone";
			};
			name = Debug;
		};
		A83F01121FD4E2E2005A213B /* Release */ = {
			isa = XCBuildConfiguration;
			buildSettings = {
				ALWAYS_SEARCH_USER_PATHS = NO;
				CLANG_ANALYZER_NONNULL = YES;
				CLANG_ANALYZER_NUMBER_OBJECT_CONVERSION = YES_AGGRESSIVE;
				CLANG_CXX_LANGUAGE_STANDARD = "gnu++14";
				CLANG_CXX_LIBRARY = "libc++";
				CLANG_ENABLE_MODULES = YES;
				CLANG_ENABLE_OBJC_ARC = YES;
				CLANG_WARN_BLOCK_CAPTURE_AUTORELEASING = YES;
				CLANG_WARN_BOOL_CONVERSION = YES;
				CLANG_WARN_COMMA = YES;
				CLANG_WARN_CONSTANT_CONVERSION = YES;
				CLANG_WARN_DIRECT_OBJC_ISA_USAGE = YES_ERROR;
				CLANG_WARN_DOCUMENTATION_COMMENTS = YES;
				CLANG_WARN_EMPTY_BODY = YES;
				CLANG_WARN_ENUM_CONVERSION = YES;
				CLANG_WARN_INFINITE_RECURSION = YES;
				CLANG_WARN_INT_CONVERSION = YES;
				CLANG_WARN_NON_LITERAL_NULL_CONVERSION = YES;
				CLANG_WARN_OBJC_LITERAL_CONVERSION = YES;
				CLANG_WARN_OBJC_ROOT_CLASS = YES_ERROR;
				CLANG_WARN_RANGE_LOOP_ANALYSIS = YES;
				CLANG_WARN_STRICT_PROTOTYPES = YES;
				CLANG_WARN_SUSPICIOUS_MOVE = YES;
				CLANG_WARN_UNGUARDED_AVAILABILITY = YES_AGGRESSIVE;
				CLANG_WARN_UNREACHABLE_CODE = YES;
				CLANG_WARN__DUPLICATE_METHOD_MATCH = YES;
				CODE_SIGN_IDENTITY = "-";
				COPY_PHASE_STRIP = NO;
				DEBUG_INFORMATION_FORMAT = "dwarf-with-dsym";
				ENABLE_NS_ASSERTIONS = NO;
				ENABLE_STRICT_OBJC_MSGSEND = YES;
				GCC_C_LANGUAGE_STANDARD = gnu11;
				GCC_NO_COMMON_BLOCKS = YES;
				GCC_WARN_64_TO_32_BIT_CONVERSION = YES;
				GCC_WARN_ABOUT_RETURN_TYPE = YES_ERROR;
				GCC_WARN_UNDECLARED_SELECTOR = YES;
				GCC_WARN_UNINITIALIZED_AUTOS = YES_AGGRESSIVE;
				GCC_WARN_UNUSED_FUNCTION = YES;
				GCC_WARN_UNUSED_VARIABLE = YES;
				MACOSX_DEPLOYMENT_TARGET = 10.13;
				MTL_ENABLE_DEBUG_INFO = NO;
				SDKROOT = macosx;
				SWIFT_OPTIMIZATION_LEVEL = "-Owholemodule";
			};
			name = Release;
		};
		A83F01141FD4E2E2005A213B /* Debug */ = {
			isa = XCBuildConfiguration;
			buildSettings = {
				ASSETCATALOG_COMPILER_APPICON_NAME = AppIcon;
				CODE_SIGN_ENTITLEMENTS = Focus/Focus.entitlements;
				CODE_SIGN_STYLE = Automatic;
				COMBINE_HIDPI_IMAGES = YES;
				INFOPLIST_FILE = Focus/Info.plist;
				LD_RUNPATH_SEARCH_PATHS = "$(inherited) @executable_path/../Frameworks";
				PRODUCT_BUNDLE_IDENTIFIER = gleb.sabirzyanov.Focus;
				PRODUCT_NAME = "$(TARGET_NAME)";
				SWIFT_VERSION = 4.0;
			};
			name = Debug;
		};
		A83F01151FD4E2E2005A213B /* Release */ = {
			isa = XCBuildConfiguration;
			buildSettings = {
				ASSETCATALOG_COMPILER_APPICON_NAME = AppIcon;
				CODE_SIGN_ENTITLEMENTS = Focus/Focus.entitlements;
				CODE_SIGN_STYLE = Automatic;
				COMBINE_HIDPI_IMAGES = YES;
				INFOPLIST_FILE = Focus/Info.plist;
				LD_RUNPATH_SEARCH_PATHS = "$(inherited) @executable_path/../Frameworks";
				PRODUCT_BUNDLE_IDENTIFIER = gleb.sabirzyanov.Focus;
				PRODUCT_NAME = "$(TARGET_NAME)";
				SWIFT_VERSION = 4.0;
			};
			name = Release;
		};
		A83F01171FD4E2E2005A213B /* Debug */ = {
			isa = XCBuildConfiguration;
			buildSettings = {
				ALWAYS_EMBED_SWIFT_STANDARD_LIBRARIES = YES;
				BUNDLE_LOADER = "$(TEST_HOST)";
				CODE_SIGN_STYLE = Automatic;
				COMBINE_HIDPI_IMAGES = YES;
				INFOPLIST_FILE = FocusTests/Info.plist;
				LD_RUNPATH_SEARCH_PATHS = "$(inherited) @executable_path/../Frameworks @loader_path/../Frameworks";
				PRODUCT_BUNDLE_IDENTIFIER = gleb.sabirzyanov.FocusTests;
				PRODUCT_NAME = "$(TARGET_NAME)";
				SWIFT_VERSION = 4.0;
				TEST_HOST = "$(BUILT_PRODUCTS_DIR)/Focus.app/Contents/MacOS/Focus";
			};
			name = Debug;
		};
		A83F01181FD4E2E2005A213B /* Release */ = {
			isa = XCBuildConfiguration;
			buildSettings = {
				ALWAYS_EMBED_SWIFT_STANDARD_LIBRARIES = YES;
				BUNDLE_LOADER = "$(TEST_HOST)";
				CODE_SIGN_STYLE = Automatic;
				COMBINE_HIDPI_IMAGES = YES;
				INFOPLIST_FILE = FocusTests/Info.plist;
				LD_RUNPATH_SEARCH_PATHS = "$(inherited) @executable_path/../Frameworks @loader_path/../Frameworks";
				PRODUCT_BUNDLE_IDENTIFIER = gleb.sabirzyanov.FocusTests;
				PRODUCT_NAME = "$(TARGET_NAME)";
				SWIFT_VERSION = 4.0;
				TEST_HOST = "$(BUILT_PRODUCTS_DIR)/Focus.app/Contents/MacOS/Focus";
			};
			name = Release;
		};
		A83F011A1FD4E2E2005A213B /* Debug */ = {
			isa = XCBuildConfiguration;
			buildSettings = {
				ALWAYS_EMBED_SWIFT_STANDARD_LIBRARIES = YES;
				CODE_SIGN_STYLE = Automatic;
				COMBINE_HIDPI_IMAGES = YES;
				INFOPLIST_FILE = FocusUITests/Info.plist;
				LD_RUNPATH_SEARCH_PATHS = "$(inherited) @executable_path/../Frameworks @loader_path/../Frameworks";
				PRODUCT_BUNDLE_IDENTIFIER = gleb.sabirzyanov.FocusUITests;
				PRODUCT_NAME = "$(TARGET_NAME)";
				SWIFT_VERSION = 4.0;
				TEST_TARGET_NAME = Focus;
			};
			name = Debug;
		};
		A83F011B1FD4E2E2005A213B /* Release */ = {
			isa = XCBuildConfiguration;
			buildSettings = {
				ALWAYS_EMBED_SWIFT_STANDARD_LIBRARIES = YES;
				CODE_SIGN_STYLE = Automatic;
				COMBINE_HIDPI_IMAGES = YES;
				INFOPLIST_FILE = FocusUITests/Info.plist;
				LD_RUNPATH_SEARCH_PATHS = "$(inherited) @executable_path/../Frameworks @loader_path/../Frameworks";
				PRODUCT_BUNDLE_IDENTIFIER = gleb.sabirzyanov.FocusUITests;
				PRODUCT_NAME = "$(TARGET_NAME)";
				SWIFT_VERSION = 4.0;
				TEST_TARGET_NAME = Focus;
			};
			name = Release;
		};
/* End XCBuildConfiguration section */

/* Begin XCConfigurationList section */
		A83F00E81FD4E2E1005A213B /* Build configuration list for PBXProject "Focus" */ = {
			isa = XCConfigurationList;
			buildConfigurations = (
				A83F01111FD4E2E2005A213B /* Debug */,
				A83F01121FD4E2E2005A213B /* Release */,
			);
			defaultConfigurationIsVisible = 0;
			defaultConfigurationName = Release;
		};
		A83F01131FD4E2E2005A213B /* Build configuration list for PBXNativeTarget "Focus" */ = {
			isa = XCConfigurationList;
			buildConfigurations = (
				A83F01141FD4E2E2005A213B /* Debug */,
				A83F01151FD4E2E2005A213B /* Release */,
			);
			defaultConfigurationIsVisible = 0;
			defaultConfigurationName = Release;
		};
		A83F01161FD4E2E2005A213B /* Build configuration list for PBXNativeTarget "FocusTests" */ = {
			isa = XCConfigurationList;
			buildConfigurations = (
				A83F01171FD4E2E2005A213B /* Debug */,
				A83F01181FD4E2E2005A213B /* Release */,
			);
			defaultConfigurationIsVisible = 0;
			defaultConfigurationName = Release;
		};
		A83F01191FD4E2E2005A213B /* Build configuration list for PBXNativeTarget "FocusUITests" */ = {
			isa = XCConfigurationList;
			buildConfigurations = (
				A83F011A1FD4E2E2005A213B /* Debug */,
				A83F011B1FD4E2E2005A213B /* Release */,
			);
			defaultConfigurationIsVisible = 0;
			defaultConfigurationName = Release;
		};
/* End XCConfigurationList section */
	};
	rootObject = A83F00E51FD4E2E1005A213B /* Project object */;
}
